// !$*UTF8*$!
{
	archiveVersion = 1;
	classes = {
	};
	objectVersion = 50;
	objects = {

/* Begin PBXBuildFile section */
		76138E8720E8788C0006A086 /* AppDelegate.swift in Sources */ = {isa = PBXBuildFile; fileRef = 76138E8620E8788C0006A086 /* AppDelegate.swift */; };
		76138E8E20E8788D0006A086 /* Assets.xcassets in Resources */ = {isa = PBXBuildFile; fileRef = 76138E8D20E8788D0006A086 /* Assets.xcassets */; };
		76138E9120E8788D0006A086 /* LaunchScreen.storyboard in Resources */ = {isa = PBXBuildFile; fileRef = 76138E8F20E8788D0006A086 /* LaunchScreen.storyboard */; };
		76138E9C20E87B3F0006A086 /* MainViewController.swift in Sources */ = {isa = PBXBuildFile; fileRef = 76138E9B20E87B3F0006A086 /* MainViewController.swift */; };
		76138E9E20E87BA80006A086 /* YKNavigationViewController.swift in Sources */ = {isa = PBXBuildFile; fileRef = 76138E9D20E87BA80006A086 /* YKNavigationViewController.swift */; };
		76138EA020E87BBF0006A086 /* YKBaseViewController.swift in Sources */ = {isa = PBXBuildFile; fileRef = 76138E9F20E87BBF0006A086 /* YKBaseViewController.swift */; };
		76138EA220E87BDB0006A086 /* YKBaseView.swift in Sources */ = {isa = PBXBuildFile; fileRef = 76138EA120E87BDB0006A086 /* YKBaseView.swift */; };
		76138EA720E87D170006A086 /* libiPassSecure.a in Frameworks */ = {isa = PBXBuildFile; fileRef = 76138EA520E87D170006A086 /* libiPassSecure.a */; };
		76138EA820E87D170006A086 /* pub_key in Resources */ = {isa = PBXBuildFile; fileRef = 76138EA620E87D170006A086 /* pub_key */; };
		76138EAE20E87DFA0006A086 /* libstdc++.tbd in Frameworks */ = {isa = PBXBuildFile; fileRef = 76138EAD20E87DFA0006A086 /* libstdc++.tbd */; };
		76138EB020E87E050006A086 /* Security.framework in Frameworks */ = {isa = PBXBuildFile; fileRef = 76138EAF20E87E040006A086 /* Security.framework */; };
		76138EB220E87E2D0006A086 /* libz.tbd in Frameworks */ = {isa = PBXBuildFile; fileRef = 76138EB120E87E2C0006A086 /* libz.tbd */; };
		76138EB420E87E370006A086 /* MobileCoreServices.framework in Frameworks */ = {isa = PBXBuildFile; fileRef = 76138EB320E87E370006A086 /* MobileCoreServices.framework */; };
		76138EB720E8C3100006A086 /* YKCommonDefine.swift in Sources */ = {isa = PBXBuildFile; fileRef = 76138EB620E8C3100006A086 /* YKCommonDefine.swift */; };
		76138EB920E8C3A00006A086 /* YKExtension.swift in Sources */ = {isa = PBXBuildFile; fileRef = 76138EB820E8C3A00006A086 /* YKExtension.swift */; };
		76138EBC20E8CFD30006A086 /* MainVCSettings.json in Resources */ = {isa = PBXBuildFile; fileRef = 76138EBB20E8CFD30006A086 /* MainVCSettings.json */; };
		76138ECC20E8D0700006A086 /* tabbar_discover_highlighted@3x.png in Resources */ = {isa = PBXBuildFile; fileRef = 76138EBF20E8D06F0006A086 /* tabbar_discover_highlighted@3x.png */; };
		76138ECD20E8D0700006A086 /* tabbar_home_highlighted@3x.png in Resources */ = {isa = PBXBuildFile; fileRef = 76138EC020E8D06F0006A086 /* tabbar_home_highlighted@3x.png */; };
		76138ECE20E8D0700006A086 /* tabbar_compose_button_highlighted@3x.png in Resources */ = {isa = PBXBuildFile; fileRef = 76138EC120E8D06F0006A086 /* tabbar_compose_button_highlighted@3x.png */; };
		76138ECF20E8D0700006A086 /* tabbar_profile_highlighted@3x.png in Resources */ = {isa = PBXBuildFile; fileRef = 76138EC220E8D06F0006A086 /* tabbar_profile_highlighted@3x.png */; };
		76138ED020E8D0700006A086 /* tabbar_compose_button@3x.png in Resources */ = {isa = PBXBuildFile; fileRef = 76138EC320E8D06F0006A086 /* tabbar_compose_button@3x.png */; };
		76138ED120E8D0700006A086 /* tabbar_profile@3x.png in Resources */ = {isa = PBXBuildFile; fileRef = 76138EC420E8D06F0006A086 /* tabbar_profile@3x.png */; };
		76138ED220E8D0700006A086 /* tabbar_background@2x.png in Resources */ = {isa = PBXBuildFile; fileRef = 76138EC520E8D06F0006A086 /* tabbar_background@2x.png */; };
		76138ED320E8D0700006A086 /* tabbar_compose_icon_add_highlighted@3x.png in Resources */ = {isa = PBXBuildFile; fileRef = 76138EC620E8D06F0006A086 /* tabbar_compose_icon_add_highlighted@3x.png */; };
		76138ED420E8D0700006A086 /* tabbar_compose_icon_add@3x.png in Resources */ = {isa = PBXBuildFile; fileRef = 76138EC720E8D06F0006A086 /* tabbar_compose_icon_add@3x.png */; };
		76138ED520E8D0700006A086 /* tabbar_home@3x.png in Resources */ = {isa = PBXBuildFile; fileRef = 76138EC820E8D06F0006A086 /* tabbar_home@3x.png */; };
		76138ED620E8D0700006A086 /* tabbar_message_center_highlighted@3x.png in Resources */ = {isa = PBXBuildFile; fileRef = 76138EC920E8D06F0006A086 /* tabbar_message_center_highlighted@3x.png */; };
		76138ED720E8D0700006A086 /* tabbar_message_center@3x.png in Resources */ = {isa = PBXBuildFile; fileRef = 76138ECA20E8D0700006A086 /* tabbar_message_center@3x.png */; };
		76138ED820E8D0700006A086 /* tabbar_discover@3x.png in Resources */ = {isa = PBXBuildFile; fileRef = 76138ECB20E8D0700006A086 /* tabbar_discover@3x.png */; };
		76138EDA20E8D0F90006A086 /* YKMeViewController.swift in Sources */ = {isa = PBXBuildFile; fileRef = 76138ED920E8D0F90006A086 /* YKMeViewController.swift */; };
		76138EDF20E8D19D0006A086 /* YKHomeViewController.swift in Sources */ = {isa = PBXBuildFile; fileRef = 76138EDE20E8D19D0006A086 /* YKHomeViewController.swift */; };
		76138EE120E8D1B70006A086 /* YKPhotoViewController.swift in Sources */ = {isa = PBXBuildFile; fileRef = 76138EE020E8D1B70006A086 /* YKPhotoViewController.swift */; };
		76138EE320E8D1CA0006A086 /* YKPoemViewController.swift in Sources */ = {isa = PBXBuildFile; fileRef = 76138EE220E8D1CA0006A086 /* YKPoemViewController.swift */; };
		76138EE520E922750006A086 /* LocalAuthentication.framework in Frameworks */ = {isa = PBXBuildFile; fileRef = 76138EE420E922750006A086 /* LocalAuthentication.framework */; };
		765C47FA20F1DCF600E445CC /* touchid.png in Resources */ = {isa = PBXBuildFile; fileRef = 765C47F920F1DCF600E445CC /* touchid.png */; };
		765C47FD20F1EAC400E445CC /* YKAddPasswordVC.swift in Sources */ = {isa = PBXBuildFile; fileRef = 765C47FC20F1EAC400E445CC /* YKAddPasswordVC.swift */; };
		76ACC37D20FAEAF900807290 /* CBToast.swift in Sources */ = {isa = PBXBuildFile; fileRef = 76ACC37C20FAEAF900807290 /* CBToast.swift */; };
		76ACC38020FAF0A400807290 /* YKCourseTableViewCell.swift in Sources */ = {isa = PBXBuildFile; fileRef = 76ACC37E20FAF0A400807290 /* YKCourseTableViewCell.swift */; };
		76ACC38120FAF0A400807290 /* YKQuestionLibMainView.swift in Sources */ = {isa = PBXBuildFile; fileRef = 76ACC37F20FAF0A400807290 /* YKQuestionLibMainView.swift */; };
		76ACC38D20FAF27200807290 /* icon_finish@3x.png in Resources */ = {isa = PBXBuildFile; fileRef = 76ACC38320FAF27200807290 /* icon_finish@3x.png */; };
		76ACC38E20FAF27200807290 /* exercise@3x.png in Resources */ = {isa = PBXBuildFile; fileRef = 76ACC38420FAF27200807290 /* exercise@3x.png */; };
		76ACC38F20FAF27200807290 /* icon_more@3x.png in Resources */ = {isa = PBXBuildFile; fileRef = 76ACC38520FAF27200807290 /* icon_more@3x.png */; };
		76ACC39020FAF27200807290 /* icon_unfinish@3x.png in Resources */ = {isa = PBXBuildFile; fileRef = 76ACC38620FAF27200807290 /* icon_unfinish@3x.png */; };
		76ACC39120FAF27200807290 /* bg_list@3x.png in Resources */ = {isa = PBXBuildFile; fileRef = 76ACC38720FAF27200807290 /* bg_list@3x.png */; };
		76ACC39220FAF27200807290 /* collection@3x.png in Resources */ = {isa = PBXBuildFile; fileRef = 76ACC38820FAF27200807290 /* collection@3x.png */; };
		76ACC39320FAF27200807290 /* intelligent@3x.png in Resources */ = {isa = PBXBuildFile; fileRef = 76ACC38920FAF27200807290 /* intelligent@3x.png */; };
		76ACC39420FAF27200807290 /* icon@3x.png in Resources */ = {isa = PBXBuildFile; fileRef = 76ACC38A20FAF27200807290 /* icon@3x.png */; };
		76ACC39520FAF27200807290 /* icon_grade@3x.png in Resources */ = {isa = PBXBuildFile; fileRef = 76ACC38B20FAF27200807290 /* icon_grade@3x.png */; };
		76ACC39620FAF27200807290 /* icon_tab_select@3x.png in Resources */ = {isa = PBXBuildFile; fileRef = 76ACC38C20FAF27200807290 /* icon_tab_select@3x.png */; };
		76ACC39820FAF43F00807290 /* empty@3x.png in Resources */ = {isa = PBXBuildFile; fileRef = 76ACC39720FAF43F00807290 /* empty@3x.png */; };
		76ACC39B20FAF73200807290 /* YKShowPasswordVC.swift in Sources */ = {isa = PBXBuildFile; fileRef = 76ACC39A20FAF73200807290 /* YKShowPasswordVC.swift */; };
		76ACC39E20FAFC0900807290 /* YKPassSettingViewController.swift in Sources */ = {isa = PBXBuildFile; fileRef = 76ACC39D20FAFC0900807290 /* YKPassSettingViewController.swift */; };
		76EF58A320EA7125001E5E43 /* YKPasswordSettingView.swift in Sources */ = {isa = PBXBuildFile; fileRef = 76EF58A220EA7125001E5E43 /* YKPasswordSettingView.swift */; };
		AEA3D46006EE7B6C08A7B5E1 /* Pods_iPassword.framework in Frameworks */ = {isa = PBXBuildFile; fileRef = 4C9278C8E2FE4341D2C7887C /* Pods_iPassword.framework */; };
/* End PBXBuildFile section */

/* Begin PBXFileReference section */
		4C9278C8E2FE4341D2C7887C /* Pods_iPassword.framework */ = {isa = PBXFileReference; explicitFileType = wrapper.framework; includeInIndex = 0; path = Pods_iPassword.framework; sourceTree = BUILT_PRODUCTS_DIR; };
		76138E8320E8788C0006A086 /* iPassword.app */ = {isa = PBXFileReference; explicitFileType = wrapper.application; includeInIndex = 0; path = iPassword.app; sourceTree = BUILT_PRODUCTS_DIR; };
		76138E8620E8788C0006A086 /* AppDelegate.swift */ = {isa = PBXFileReference; lastKnownFileType = sourcecode.swift; path = AppDelegate.swift; sourceTree = "<group>"; };
		76138E8D20E8788D0006A086 /* Assets.xcassets */ = {isa = PBXFileReference; lastKnownFileType = folder.assetcatalog; path = Assets.xcassets; sourceTree = "<group>"; };
		76138E9020E8788D0006A086 /* Base */ = {isa = PBXFileReference; lastKnownFileType = file.storyboard; name = Base; path = Base.lproj/LaunchScreen.storyboard; sourceTree = "<group>"; };
		76138E9220E8788D0006A086 /* Info.plist */ = {isa = PBXFileReference; lastKnownFileType = text.plist.xml; path = Info.plist; sourceTree = "<group>"; };
		76138E9B20E87B3F0006A086 /* MainViewController.swift */ = {isa = PBXFileReference; fileEncoding = 4; lastKnownFileType = sourcecode.swift; path = MainViewController.swift; sourceTree = "<group>"; };
		76138E9D20E87BA80006A086 /* YKNavigationViewController.swift */ = {isa = PBXFileReference; lastKnownFileType = sourcecode.swift; path = YKNavigationViewController.swift; sourceTree = "<group>"; };
		76138E9F20E87BBF0006A086 /* YKBaseViewController.swift */ = {isa = PBXFileReference; lastKnownFileType = sourcecode.swift; path = YKBaseViewController.swift; sourceTree = "<group>"; };
		76138EA120E87BDB0006A086 /* YKBaseView.swift */ = {isa = PBXFileReference; lastKnownFileType = sourcecode.swift; path = YKBaseView.swift; sourceTree = "<group>"; };
		76138EA420E87D170006A086 /* iPassSecure.h */ = {isa = PBXFileReference; fileEncoding = 4; lastKnownFileType = sourcecode.c.h; path = iPassSecure.h; sourceTree = "<group>"; };
		76138EA520E87D170006A086 /* libiPassSecure.a */ = {isa = PBXFileReference; lastKnownFileType = archive.ar; path = libiPassSecure.a; sourceTree = "<group>"; };
		76138EA620E87D170006A086 /* pub_key */ = {isa = PBXFileReference; fileEncoding = 4; lastKnownFileType = text; path = pub_key; sourceTree = "<group>"; };
		76138EA920E87D400006A086 /* iPassword-Bridging-Header.h */ = {isa = PBXFileReference; lastKnownFileType = sourcecode.c.h; path = "iPassword-Bridging-Header.h"; sourceTree = "<group>"; };
		76138EAD20E87DFA0006A086 /* libstdc++.tbd */ = {isa = PBXFileReference; lastKnownFileType = "sourcecode.text-based-dylib-definition"; name = "libstdc++.tbd"; path = "usr/lib/libstdc++.tbd"; sourceTree = SDKROOT; };
		76138EAF20E87E040006A086 /* Security.framework */ = {isa = PBXFileReference; lastKnownFileType = wrapper.framework; name = Security.framework; path = System/Library/Frameworks/Security.framework; sourceTree = SDKROOT; };
		76138EB120E87E2C0006A086 /* libz.tbd */ = {isa = PBXFileReference; lastKnownFileType = "sourcecode.text-based-dylib-definition"; name = libz.tbd; path = usr/lib/libz.tbd; sourceTree = SDKROOT; };
		76138EB320E87E370006A086 /* MobileCoreServices.framework */ = {isa = PBXFileReference; lastKnownFileType = wrapper.framework; name = MobileCoreServices.framework; path = System/Library/Frameworks/MobileCoreServices.framework; sourceTree = SDKROOT; };
		76138EB620E8C3100006A086 /* YKCommonDefine.swift */ = {isa = PBXFileReference; lastKnownFileType = sourcecode.swift; path = YKCommonDefine.swift; sourceTree = "<group>"; };
		76138EB820E8C3A00006A086 /* YKExtension.swift */ = {isa = PBXFileReference; lastKnownFileType = sourcecode.swift; path = YKExtension.swift; sourceTree = "<group>"; };
		76138EBB20E8CFD30006A086 /* MainVCSettings.json */ = {isa = PBXFileReference; fileEncoding = 4; lastKnownFileType = text.json; path = MainVCSettings.json; sourceTree = "<group>"; };
		76138EBF20E8D06F0006A086 /* tabbar_discover_highlighted@3x.png */ = {isa = PBXFileReference; lastKnownFileType = image.png; path = "tabbar_discover_highlighted@3x.png"; sourceTree = "<group>"; };
		76138EC020E8D06F0006A086 /* tabbar_home_highlighted@3x.png */ = {isa = PBXFileReference; lastKnownFileType = image.png; path = "tabbar_home_highlighted@3x.png"; sourceTree = "<group>"; };
		76138EC120E8D06F0006A086 /* tabbar_compose_button_highlighted@3x.png */ = {isa = PBXFileReference; lastKnownFileType = image.png; path = "tabbar_compose_button_highlighted@3x.png"; sourceTree = "<group>"; };
		76138EC220E8D06F0006A086 /* tabbar_profile_highlighted@3x.png */ = {isa = PBXFileReference; lastKnownFileType = image.png; path = "tabbar_profile_highlighted@3x.png"; sourceTree = "<group>"; };
		76138EC320E8D06F0006A086 /* tabbar_compose_button@3x.png */ = {isa = PBXFileReference; lastKnownFileType = image.png; path = "tabbar_compose_button@3x.png"; sourceTree = "<group>"; };
		76138EC420E8D06F0006A086 /* tabbar_profile@3x.png */ = {isa = PBXFileReference; lastKnownFileType = image.png; path = "tabbar_profile@3x.png"; sourceTree = "<group>"; };
		76138EC520E8D06F0006A086 /* tabbar_background@2x.png */ = {isa = PBXFileReference; lastKnownFileType = image.png; path = "tabbar_background@2x.png"; sourceTree = "<group>"; };
		76138EC620E8D06F0006A086 /* tabbar_compose_icon_add_highlighted@3x.png */ = {isa = PBXFileReference; lastKnownFileType = image.png; path = "tabbar_compose_icon_add_highlighted@3x.png"; sourceTree = "<group>"; };
		76138EC720E8D06F0006A086 /* tabbar_compose_icon_add@3x.png */ = {isa = PBXFileReference; lastKnownFileType = image.png; path = "tabbar_compose_icon_add@3x.png"; sourceTree = "<group>"; };
		76138EC820E8D06F0006A086 /* tabbar_home@3x.png */ = {isa = PBXFileReference; lastKnownFileType = image.png; path = "tabbar_home@3x.png"; sourceTree = "<group>"; };
		76138EC920E8D06F0006A086 /* tabbar_message_center_highlighted@3x.png */ = {isa = PBXFileReference; lastKnownFileType = image.png; path = "tabbar_message_center_highlighted@3x.png"; sourceTree = "<group>"; };
		76138ECA20E8D0700006A086 /* tabbar_message_center@3x.png */ = {isa = PBXFileReference; lastKnownFileType = image.png; path = "tabbar_message_center@3x.png"; sourceTree = "<group>"; };
		76138ECB20E8D0700006A086 /* tabbar_discover@3x.png */ = {isa = PBXFileReference; lastKnownFileType = image.png; path = "tabbar_discover@3x.png"; sourceTree = "<group>"; };
		76138ED920E8D0F90006A086 /* YKMeViewController.swift */ = {isa = PBXFileReference; lastKnownFileType = sourcecode.swift; path = YKMeViewController.swift; sourceTree = "<group>"; };
		76138EDE20E8D19D0006A086 /* YKHomeViewController.swift */ = {isa = PBXFileReference; lastKnownFileType = sourcecode.swift; path = YKHomeViewController.swift; sourceTree = "<group>"; };
		76138EE020E8D1B70006A086 /* YKPhotoViewController.swift */ = {isa = PBXFileReference; lastKnownFileType = sourcecode.swift; path = YKPhotoViewController.swift; sourceTree = "<group>"; };
		76138EE220E8D1CA0006A086 /* YKPoemViewController.swift */ = {isa = PBXFileReference; lastKnownFileType = sourcecode.swift; path = YKPoemViewController.swift; sourceTree = "<group>"; };
		76138EE420E922750006A086 /* LocalAuthentication.framework */ = {isa = PBXFileReference; lastKnownFileType = wrapper.framework; name = LocalAuthentication.framework; path = System/Library/Frameworks/LocalAuthentication.framework; sourceTree = SDKROOT; };
		76138EE620E9229D0006A086 /* iPassword.entitlements */ = {isa = PBXFileReference; lastKnownFileType = text.plist.entitlements; path = iPassword.entitlements; sourceTree = "<group>"; };
		765C47F920F1DCF600E445CC /* touchid.png */ = {isa = PBXFileReference; lastKnownFileType = image.png; path = touchid.png; sourceTree = "<group>"; };
		765C47FC20F1EAC400E445CC /* YKAddPasswordVC.swift */ = {isa = PBXFileReference; lastKnownFileType = sourcecode.swift; path = YKAddPasswordVC.swift; sourceTree = "<group>"; };
		76ACC37C20FAEAF900807290 /* CBToast.swift */ = {isa = PBXFileReference; fileEncoding = 4; lastKnownFileType = sourcecode.swift; path = CBToast.swift; sourceTree = "<group>"; };
		76ACC37E20FAF0A400807290 /* YKCourseTableViewCell.swift */ = {isa = PBXFileReference; fileEncoding = 4; lastKnownFileType = sourcecode.swift; path = YKCourseTableViewCell.swift; sourceTree = "<group>"; };
		76ACC37F20FAF0A400807290 /* YKQuestionLibMainView.swift */ = {isa = PBXFileReference; fileEncoding = 4; lastKnownFileType = sourcecode.swift; path = YKQuestionLibMainView.swift; sourceTree = "<group>"; };
		76ACC38320FAF27200807290 /* icon_finish@3x.png */ = {isa = PBXFileReference; lastKnownFileType = image.png; path = "icon_finish@3x.png"; sourceTree = "<group>"; };
		76ACC38420FAF27200807290 /* exercise@3x.png */ = {isa = PBXFileReference; lastKnownFileType = image.png; path = "exercise@3x.png"; sourceTree = "<group>"; };
		76ACC38520FAF27200807290 /* icon_more@3x.png */ = {isa = PBXFileReference; lastKnownFileType = image.png; path = "icon_more@3x.png"; sourceTree = "<group>"; };
		76ACC38620FAF27200807290 /* icon_unfinish@3x.png */ = {isa = PBXFileReference; lastKnownFileType = image.png; path = "icon_unfinish@3x.png"; sourceTree = "<group>"; };
		76ACC38720FAF27200807290 /* bg_list@3x.png */ = {isa = PBXFileReference; lastKnownFileType = image.png; path = "bg_list@3x.png"; sourceTree = "<group>"; };
		76ACC38820FAF27200807290 /* collection@3x.png */ = {isa = PBXFileReference; lastKnownFileType = image.png; path = "collection@3x.png"; sourceTree = "<group>"; };
		76ACC38920FAF27200807290 /* intelligent@3x.png */ = {isa = PBXFileReference; lastKnownFileType = image.png; path = "intelligent@3x.png"; sourceTree = "<group>"; };
		76ACC38A20FAF27200807290 /* icon@3x.png */ = {isa = PBXFileReference; lastKnownFileType = image.png; path = "icon@3x.png"; sourceTree = "<group>"; };
		76ACC38B20FAF27200807290 /* icon_grade@3x.png */ = {isa = PBXFileReference; lastKnownFileType = image.png; path = "icon_grade@3x.png"; sourceTree = "<group>"; };
		76ACC38C20FAF27200807290 /* icon_tab_select@3x.png */ = {isa = PBXFileReference; lastKnownFileType = image.png; path = "icon_tab_select@3x.png"; sourceTree = "<group>"; };
		76ACC39720FAF43F00807290 /* empty@3x.png */ = {isa = PBXFileReference; lastKnownFileType = image.png; path = "empty@3x.png"; sourceTree = "<group>"; };
		76ACC39A20FAF73200807290 /* YKShowPasswordVC.swift */ = {isa = PBXFileReference; lastKnownFileType = sourcecode.swift; path = YKShowPasswordVC.swift; sourceTree = "<group>"; };
		76ACC39D20FAFC0900807290 /* YKPassSettingViewController.swift */ = {isa = PBXFileReference; lastKnownFileType = sourcecode.swift; path = YKPassSettingViewController.swift; sourceTree = "<group>"; };
		76EF58A220EA7125001E5E43 /* YKPasswordSettingView.swift */ = {isa = PBXFileReference; lastKnownFileType = sourcecode.swift; path = YKPasswordSettingView.swift; sourceTree = "<group>"; };
		C2AC88992134EF70FE0FE8E2 /* Pods-iPassword.release.xcconfig */ = {isa = PBXFileReference; includeInIndex = 1; lastKnownFileType = text.xcconfig; name = "Pods-iPassword.release.xcconfig"; path = "Pods/Target Support Files/Pods-iPassword/Pods-iPassword.release.xcconfig"; sourceTree = "<group>"; };
		E01544F1226995D380ADF276 /* Pods-iPassword.debug.xcconfig */ = {isa = PBXFileReference; includeInIndex = 1; lastKnownFileType = text.xcconfig; name = "Pods-iPassword.debug.xcconfig"; path = "Pods/Target Support Files/Pods-iPassword/Pods-iPassword.debug.xcconfig"; sourceTree = "<group>"; };
/* End PBXFileReference section */

/* Begin PBXFrameworksBuildPhase section */
		76138E8020E8788C0006A086 /* Frameworks */ = {
			isa = PBXFrameworksBuildPhase;
			buildActionMask = 2147483647;
			files = (
				76138EE520E922750006A086 /* LocalAuthentication.framework in Frameworks */,
				76138EB420E87E370006A086 /* MobileCoreServices.framework in Frameworks */,
				76138EB220E87E2D0006A086 /* libz.tbd in Frameworks */,
				76138EB020E87E050006A086 /* Security.framework in Frameworks */,
				76138EAE20E87DFA0006A086 /* libstdc++.tbd in Frameworks */,
				AEA3D46006EE7B6C08A7B5E1 /* Pods_iPassword.framework in Frameworks */,
				76138EA720E87D170006A086 /* libiPassSecure.a in Frameworks */,
			);
			runOnlyForDeploymentPostprocessing = 0;
		};
/* End PBXFrameworksBuildPhase section */

/* Begin PBXGroup section */
		76138E7A20E8788C0006A086 = {
			isa = PBXGroup;
			children = (
				76138E8520E8788C0006A086 /* iPassword */,
				76138EA320E87D170006A086 /* Frameworks */,
				76138E8420E8788C0006A086 /* Products */,
				920B206C33B54CCA70D445E9 /* Pods */,
				A05ED4AAE9B37B2E2CD5402F /* Frameworks */,
			);
			sourceTree = "<group>";
		};
		76138E8420E8788C0006A086 /* Products */ = {
			isa = PBXGroup;
			children = (
				76138E8320E8788C0006A086 /* iPassword.app */,
			);
			name = Products;
			sourceTree = "<group>";
		};
		76138E8520E8788C0006A086 /* iPassword */ = {
			isa = PBXGroup;
			children = (
				76138EE620E9229D0006A086 /* iPassword.entitlements */,
				76138E8620E8788C0006A086 /* AppDelegate.swift */,
				76138EBA20E8CFC40006A086 /* Resources */,
				76138E9820E87AF60006A086 /* Classes */,
				76138E8D20E8788D0006A086 /* Assets.xcassets */,
				76138E8F20E8788D0006A086 /* LaunchScreen.storyboard */,
				76138E9220E8788D0006A086 /* Info.plist */,
				76138EA920E87D400006A086 /* iPassword-Bridging-Header.h */,
			);
			path = iPassword;
			sourceTree = "<group>";
		};
		76138E9820E87AF60006A086 /* Classes */ = {
			isa = PBXGroup;
			children = (
				76138E9B20E87B3F0006A086 /* MainViewController.swift */,
				76138EDD20E8D18D0006A086 /* Home */,
				76138EDC20E8D18D0006A086 /* Photo */,
				76138EDB20E8D18C0006A086 /* Poem */,
				76138E9A20E87B3F0006A086 /* Base */,
				76138E9920E87B3F0006A086 /* Setting */,
			);
			path = Classes;
			sourceTree = "<group>";
		};
		76138E9920E87B3F0006A086 /* Setting */ = {
			isa = PBXGroup;
			children = (
				76138ED920E8D0F90006A086 /* YKMeViewController.swift */,
				76EF58A220EA7125001E5E43 /* YKPasswordSettingView.swift */,
			);
			path = Setting;
			sourceTree = "<group>";
		};
		76138E9A20E87B3F0006A086 /* Base */ = {
			isa = PBXGroup;
			children = (
				76138E9D20E87BA80006A086 /* YKNavigationViewController.swift */,
				76138E9F20E87BBF0006A086 /* YKBaseViewController.swift */,
				76138EA120E87BDB0006A086 /* YKBaseView.swift */,
				76138EB620E8C3100006A086 /* YKCommonDefine.swift */,
				76138EB820E8C3A00006A086 /* YKExtension.swift */,
				76ACC37B20FAEAF900807290 /* Other */,
			);
			path = Base;
			sourceTree = "<group>";
		};
		76138EA320E87D170006A086 /* Frameworks */ = {
			isa = PBXGroup;
			children = (
				76138EE420E922750006A086 /* LocalAuthentication.framework */,
				76138EB320E87E370006A086 /* MobileCoreServices.framework */,
				76138EB120E87E2C0006A086 /* libz.tbd */,
				76138EAF20E87E040006A086 /* Security.framework */,
				76138EAD20E87DFA0006A086 /* libstdc++.tbd */,
				76138EA420E87D170006A086 /* iPassSecure.h */,
				76138EA520E87D170006A086 /* libiPassSecure.a */,
				76138EA620E87D170006A086 /* pub_key */,
			);
			name = Frameworks;
			path = iPassword/Frameworks;
			sourceTree = "<group>";
		};
		76138EBA20E8CFC40006A086 /* Resources */ = {
			isa = PBXGroup;
			children = (
				76138EBD20E8CFF90006A086 /* icons */,
				76138EBB20E8CFD30006A086 /* MainVCSettings.json */,
			);
			path = Resources;
			sourceTree = "<group>";
		};
		76138EBD20E8CFF90006A086 /* icons */ = {
			isa = PBXGroup;
			children = (
				765C47F920F1DCF600E445CC /* touchid.png */,
				76ACC39720FAF43F00807290 /* empty@3x.png */,
				76ACC38220FAF27200807290 /* exercise */,
				76138EBE20E8D0090006A086 /* tabbar */,
			);
			path = icons;
			sourceTree = "<group>";
		};
		76138EBE20E8D0090006A086 /* tabbar */ = {
			isa = PBXGroup;
			children = (
				76138EC520E8D06F0006A086 /* tabbar_background@2x.png */,
				76138EC120E8D06F0006A086 /* tabbar_compose_button_highlighted@3x.png */,
				76138EC320E8D06F0006A086 /* tabbar_compose_button@3x.png */,
				76138EC620E8D06F0006A086 /* tabbar_compose_icon_add_highlighted@3x.png */,
				76138EC720E8D06F0006A086 /* tabbar_compose_icon_add@3x.png */,
				76138EBF20E8D06F0006A086 /* tabbar_discover_highlighted@3x.png */,
				76138ECB20E8D0700006A086 /* tabbar_discover@3x.png */,
				76138EC020E8D06F0006A086 /* tabbar_home_highlighted@3x.png */,
				76138EC820E8D06F0006A086 /* tabbar_home@3x.png */,
				76138EC920E8D06F0006A086 /* tabbar_message_center_highlighted@3x.png */,
				76138ECA20E8D0700006A086 /* tabbar_message_center@3x.png */,
				76138EC220E8D06F0006A086 /* tabbar_profile_highlighted@3x.png */,
				76138EC420E8D06F0006A086 /* tabbar_profile@3x.png */,
			);
			path = tabbar;
			sourceTree = "<group>";
		};
		76138EDB20E8D18C0006A086 /* Poem */ = {
			isa = PBXGroup;
			children = (
				76138EE220E8D1CA0006A086 /* YKPoemViewController.swift */,
			);
			path = Poem;
			sourceTree = "<group>";
		};
		76138EDC20E8D18D0006A086 /* Photo */ = {
			isa = PBXGroup;
			children = (
				76138EE020E8D1B70006A086 /* YKPhotoViewController.swift */,
			);
			path = Photo;
			sourceTree = "<group>";
		};
		76138EDD20E8D18D0006A086 /* Home */ = {
			isa = PBXGroup;
			children = (
				76ACC39C20FAFBE900807290 /* PassSetting */,
				76ACC39920FAF71D00807290 /* ShowPass */,
				765C47FB20F1EAAA00E445CC /* AddPass */,
				76138EDE20E8D19D0006A086 /* YKHomeViewController.swift */,
				76ACC37E20FAF0A400807290 /* YKCourseTableViewCell.swift */,
				76ACC37F20FAF0A400807290 /* YKQuestionLibMainView.swift */,
			);
			path = Home;
			sourceTree = "<group>";
		};
		765C47FB20F1EAAA00E445CC /* AddPass */ = {
			isa = PBXGroup;
			children = (
				765C47FC20F1EAC400E445CC /* YKAddPasswordVC.swift */,
			);
			path = AddPass;
			sourceTree = "<group>";
		};
		76ACC37B20FAEAF900807290 /* Other */ = {
			isa = PBXGroup;
			children = (
				76ACC37C20FAEAF900807290 /* CBToast.swift */,
			);
			path = Other;
			sourceTree = "<group>";
		};
		76ACC38220FAF27200807290 /* exercise */ = {
			isa = PBXGroup;
			children = (
				76ACC38320FAF27200807290 /* icon_finish@3x.png */,
				76ACC38420FAF27200807290 /* exercise@3x.png */,
				76ACC38520FAF27200807290 /* icon_more@3x.png */,
				76ACC38620FAF27200807290 /* icon_unfinish@3x.png */,
				76ACC38720FAF27200807290 /* bg_list@3x.png */,
				76ACC38820FAF27200807290 /* collection@3x.png */,
				76ACC38920FAF27200807290 /* intelligent@3x.png */,
				76ACC38A20FAF27200807290 /* icon@3x.png */,
				76ACC38B20FAF27200807290 /* icon_grade@3x.png */,
				76ACC38C20FAF27200807290 /* icon_tab_select@3x.png */,
			);
			path = exercise;
			sourceTree = "<group>";
		};
		76ACC39920FAF71D00807290 /* ShowPass */ = {
			isa = PBXGroup;
			children = (
				76ACC39A20FAF73200807290 /* YKShowPasswordVC.swift */,
			);
			path = ShowPass;
			sourceTree = "<group>";
		};
		76ACC39C20FAFBE900807290 /* PassSetting */ = {
			isa = PBXGroup;
			children = (
				76ACC39D20FAFC0900807290 /* YKPassSettingViewController.swift */,
			);
			path = PassSetting;
			sourceTree = "<group>";
		};
		920B206C33B54CCA70D445E9 /* Pods */ = {
			isa = PBXGroup;
			children = (
				E01544F1226995D380ADF276 /* Pods-iPassword.debug.xcconfig */,
				C2AC88992134EF70FE0FE8E2 /* Pods-iPassword.release.xcconfig */,
			);
			name = Pods;
			sourceTree = "<group>";
		};
		A05ED4AAE9B37B2E2CD5402F /* Frameworks */ = {
			isa = PBXGroup;
			children = (
				4C9278C8E2FE4341D2C7887C /* Pods_iPassword.framework */,
			);
			name = Frameworks;
			sourceTree = "<group>";
		};
/* End PBXGroup section */

/* Begin PBXNativeTarget section */
		76138E8220E8788C0006A086 /* iPassword */ = {
			isa = PBXNativeTarget;
			buildConfigurationList = 76138E9520E8788D0006A086 /* Build configuration list for PBXNativeTarget "iPassword" */;
			buildPhases = (
				A764494C7609CA339F0A6798 /* [CP] Check Pods Manifest.lock */,
				76138E7F20E8788C0006A086 /* Sources */,
				76138E8020E8788C0006A086 /* Frameworks */,
				76138E8120E8788C0006A086 /* Resources */,
				2E6A923485B0B17C13BB356C /* [CP] Embed Pods Frameworks */,
				76138EB520E8A8660006A086 /* ShellScript */,
			);
			buildRules = (
			);
			dependencies = (
			);
			name = iPassword;
			productName = iPassword;
			productReference = 76138E8320E8788C0006A086 /* iPassword.app */;
			productType = "com.apple.product-type.application";
		};
/* End PBXNativeTarget section */

/* Begin PBXProject section */
		76138E7B20E8788C0006A086 /* Project object */ = {
			isa = PBXProject;
			attributes = {
				LastSwiftUpdateCheck = 0930;
				LastUpgradeCheck = 0930;
				ORGANIZATIONNAME = SDJG;
				TargetAttributes = {
					76138E8220E8788C0006A086 = {
						CreatedOnToolsVersion = 9.3;
						LastSwiftMigration = 0930;
						SystemCapabilities = {
							com.apple.DataProtection = {
								enabled = 0;
							};
						};
					};
				};
			};
			buildConfigurationList = 76138E7E20E8788C0006A086 /* Build configuration list for PBXProject "iPassword" */;
			compatibilityVersion = "Xcode 9.3";
			developmentRegion = en;
			hasScannedForEncodings = 0;
			knownRegions = (
				en,
				Base,
			);
			mainGroup = 76138E7A20E8788C0006A086;
			productRefGroup = 76138E8420E8788C0006A086 /* Products */;
			projectDirPath = "";
			projectRoot = "";
			targets = (
				76138E8220E8788C0006A086 /* iPassword */,
			);
		};
/* End PBXProject section */

/* Begin PBXResourcesBuildPhase section */
		76138E8120E8788C0006A086 /* Resources */ = {
			isa = PBXResourcesBuildPhase;
			buildActionMask = 2147483647;
			files = (
				76ACC39120FAF27200807290 /* bg_list@3x.png in Resources */,
				76138ECD20E8D0700006A086 /* tabbar_home_highlighted@3x.png in Resources */,
				76138ED620E8D0700006A086 /* tabbar_message_center_highlighted@3x.png in Resources */,
				76ACC39220FAF27200807290 /* collection@3x.png in Resources */,
				76138ED220E8D0700006A086 /* tabbar_background@2x.png in Resources */,
				76138ECF20E8D0700006A086 /* tabbar_profile_highlighted@3x.png in Resources */,
				76ACC39620FAF27200807290 /* icon_tab_select@3x.png in Resources */,
				765C47FA20F1DCF600E445CC /* touchid.png in Resources */,
				76138EA820E87D170006A086 /* pub_key in Resources */,
				76ACC39420FAF27200807290 /* icon@3x.png in Resources */,
				76138ED020E8D0700006A086 /* tabbar_compose_button@3x.png in Resources */,
				76138ED320E8D0700006A086 /* tabbar_compose_icon_add_highlighted@3x.png in Resources */,
				76138ED820E8D0700006A086 /* tabbar_discover@3x.png in Resources */,
				76ACC38E20FAF27200807290 /* exercise@3x.png in Resources */,
				76138E9120E8788D0006A086 /* LaunchScreen.storyboard in Resources */,
				76138ECC20E8D0700006A086 /* tabbar_discover_highlighted@3x.png in Resources */,
				76ACC39520FAF27200807290 /* icon_grade@3x.png in Resources */,
				76138ECE20E8D0700006A086 /* tabbar_compose_button_highlighted@3x.png in Resources */,
				76138ED720E8D0700006A086 /* tabbar_message_center@3x.png in Resources */,
				76ACC39820FAF43F00807290 /* empty@3x.png in Resources */,
				76138ED120E8D0700006A086 /* tabbar_profile@3x.png in Resources */,
				76ACC38F20FAF27200807290 /* icon_more@3x.png in Resources */,
				76138ED520E8D0700006A086 /* tabbar_home@3x.png in Resources */,
				76138EBC20E8CFD30006A086 /* MainVCSettings.json in Resources */,
				76ACC39020FAF27200807290 /* icon_unfinish@3x.png in Resources */,
				76138ED420E8D0700006A086 /* tabbar_compose_icon_add@3x.png in Resources */,
				76ACC38D20FAF27200807290 /* icon_finish@3x.png in Resources */,
				76138E8E20E8788D0006A086 /* Assets.xcassets in Resources */,
				76ACC39320FAF27200807290 /* intelligent@3x.png in Resources */,
			);
			runOnlyForDeploymentPostprocessing = 0;
		};
/* End PBXResourcesBuildPhase section */

/* Begin PBXShellScriptBuildPhase section */
		2E6A923485B0B17C13BB356C /* [CP] Embed Pods Frameworks */ = {
			isa = PBXShellScriptBuildPhase;
			buildActionMask = 2147483647;
			files = (
			);
			inputPaths = (
				"${SRCROOT}/Pods/Target Support Files/Pods-iPassword/Pods-iPassword-frameworks.sh",
				"${BUILT_PRODUCTS_DIR}/ObjectMapper/ObjectMapper.framework",
				"${BUILT_PRODUCTS_DIR}/RxCocoa/RxCocoa.framework",
				"${BUILT_PRODUCTS_DIR}/RxSwift/RxSwift.framework",
				"${BUILT_PRODUCTS_DIR}/SDWebImage/SDWebImage.framework",
				"${BUILT_PRODUCTS_DIR}/SnapKit/SnapKit.framework",
			);
			name = "[CP] Embed Pods Frameworks";
			outputPaths = (
				"${TARGET_BUILD_DIR}/${FRAMEWORKS_FOLDER_PATH}/ObjectMapper.framework",
				"${TARGET_BUILD_DIR}/${FRAMEWORKS_FOLDER_PATH}/RxCocoa.framework",
				"${TARGET_BUILD_DIR}/${FRAMEWORKS_FOLDER_PATH}/RxSwift.framework",
				"${TARGET_BUILD_DIR}/${FRAMEWORKS_FOLDER_PATH}/SDWebImage.framework",
				"${TARGET_BUILD_DIR}/${FRAMEWORKS_FOLDER_PATH}/SnapKit.framework",
			);
			runOnlyForDeploymentPostprocessing = 0;
			shellPath = /bin/sh;
			shellScript = "\"${SRCROOT}/Pods/Target Support Files/Pods-iPassword/Pods-iPassword-frameworks.sh\"\n";
			showEnvVarsInLog = 0;
		};
		76138EB520E8A8660006A086 /* ShellScript */ = {
			isa = PBXShellScriptBuildPhase;
			buildActionMask = 12;
			files = (
			);
			inputPaths = (
			);
			outputPaths = (
			);
			runOnlyForDeploymentPostprocessing = 0;
			shellPath = /bin/sh;
			shellScript = "versionNumber=$(/usr/libexec/PlistBuddy -c \"Print :CFBundleShortVersionString\" \"${PROJECT_DIR}/${INFOPLIST_FILE}\")\nsed -i bak -e \"/userLabel=\\\"AppVersion\\\"/s/text=\\\"[^\\\"]*\\\"/text=\\\"v$versionNumber\\\"/\" $PROJECT_DIR/iPassword/Base.lproj/LaunchScreen.storyboard";
			showEnvVarsInLog = 0;
		};
		A764494C7609CA339F0A6798 /* [CP] Check Pods Manifest.lock */ = {
			isa = PBXShellScriptBuildPhase;
			buildActionMask = 2147483647;
			files = (
			);
			inputPaths = (
				"${PODS_PODFILE_DIR_PATH}/Podfile.lock",
				"${PODS_ROOT}/Manifest.lock",
			);
			name = "[CP] Check Pods Manifest.lock";
			outputPaths = (
				"$(DERIVED_FILE_DIR)/Pods-iPassword-checkManifestLockResult.txt",
			);
			runOnlyForDeploymentPostprocessing = 0;
			shellPath = /bin/sh;
			shellScript = "diff \"${PODS_PODFILE_DIR_PATH}/Podfile.lock\" \"${PODS_ROOT}/Manifest.lock\" > /dev/null\nif [ $? != 0 ] ; then\n    # print error to STDERR\n    echo \"error: The sandbox is not in sync with the Podfile.lock. Run 'pod install' or update your CocoaPods installation.\" >&2\n    exit 1\nfi\n# This output is used by Xcode 'outputs' to avoid re-running this script phase.\necho \"SUCCESS\" > \"${SCRIPT_OUTPUT_FILE_0}\"\n";
			showEnvVarsInLog = 0;
		};
/* End PBXShellScriptBuildPhase section */

/* Begin PBXSourcesBuildPhase section */
		76138E7F20E8788C0006A086 /* Sources */ = {
			isa = PBXSourcesBuildPhase;
			buildActionMask = 2147483647;
			files = (
				76138EDA20E8D0F90006A086 /* YKMeViewController.swift in Sources */,
				76138E8720E8788C0006A086 /* AppDelegate.swift in Sources */,
				76138EB920E8C3A00006A086 /* YKExtension.swift in Sources */,
				76138EB720E8C3100006A086 /* YKCommonDefine.swift in Sources */,
				76ACC39E20FAFC0900807290 /* YKPassSettingViewController.swift in Sources */,
				76138E9C20E87B3F0006A086 /* MainViewController.swift in Sources */,
				765C47FD20F1EAC400E445CC /* YKAddPasswordVC.swift in Sources */,
				76138E9E20E87BA80006A086 /* YKNavigationViewController.swift in Sources */,
				76138EA020E87BBF0006A086 /* YKBaseViewController.swift in Sources */,
				76ACC37D20FAEAF900807290 /* CBToast.swift in Sources */,
				76ACC38120FAF0A400807290 /* YKQuestionLibMainView.swift in Sources */,
				76138EDF20E8D19D0006A086 /* YKHomeViewController.swift in Sources */,
				76138EA220E87BDB0006A086 /* YKBaseView.swift in Sources */,
				76ACC38020FAF0A400807290 /* YKCourseTableViewCell.swift in Sources */,
				76138EE120E8D1B70006A086 /* YKPhotoViewController.swift in Sources */,
				76EF58A320EA7125001E5E43 /* YKPasswordSettingView.swift in Sources */,
				76138EE320E8D1CA0006A086 /* YKPoemViewController.swift in Sources */,
				76ACC39B20FAF73200807290 /* YKShowPasswordVC.swift in Sources */,
			);
			runOnlyForDeploymentPostprocessing = 0;
		};
/* End PBXSourcesBuildPhase section */

/* Begin PBXVariantGroup section */
		76138E8F20E8788D0006A086 /* LaunchScreen.storyboard */ = {
			isa = PBXVariantGroup;
			children = (
				76138E9020E8788D0006A086 /* Base */,
			);
			name = LaunchScreen.storyboard;
			sourceTree = "<group>";
		};
/* End PBXVariantGroup section */

/* Begin XCBuildConfiguration section */
		76138E9320E8788D0006A086 /* Debug */ = {
			isa = XCBuildConfiguration;
			buildSettings = {
				ALWAYS_SEARCH_USER_PATHS = NO;
				CLANG_ANALYZER_NONNULL = YES;
				CLANG_ANALYZER_NUMBER_OBJECT_CONVERSION = YES_AGGRESSIVE;
				CLANG_CXX_LANGUAGE_STANDARD = "gnu++14";
				CLANG_CXX_LIBRARY = "libc++";
				CLANG_ENABLE_MODULES = YES;
				CLANG_ENABLE_OBJC_ARC = YES;
				CLANG_ENABLE_OBJC_WEAK = YES;
				CLANG_WARN_BLOCK_CAPTURE_AUTORELEASING = YES;
				CLANG_WARN_BOOL_CONVERSION = YES;
				CLANG_WARN_COMMA = YES;
				CLANG_WARN_CONSTANT_CONVERSION = YES;
				CLANG_WARN_DEPRECATED_OBJC_IMPLEMENTATIONS = YES;
				CLANG_WARN_DIRECT_OBJC_ISA_USAGE = YES_ERROR;
				CLANG_WARN_DOCUMENTATION_COMMENTS = YES;
				CLANG_WARN_EMPTY_BODY = YES;
				CLANG_WARN_ENUM_CONVERSION = YES;
				CLANG_WARN_INFINITE_RECURSION = YES;
				CLANG_WARN_INT_CONVERSION = YES;
				CLANG_WARN_NON_LITERAL_NULL_CONVERSION = YES;
				CLANG_WARN_OBJC_IMPLICIT_RETAIN_SELF = YES;
				CLANG_WARN_OBJC_LITERAL_CONVERSION = YES;
				CLANG_WARN_OBJC_ROOT_CLASS = YES_ERROR;
				CLANG_WARN_RANGE_LOOP_ANALYSIS = YES;
				CLANG_WARN_STRICT_PROTOTYPES = YES;
				CLANG_WARN_SUSPICIOUS_MOVE = YES;
				CLANG_WARN_UNGUARDED_AVAILABILITY = YES_AGGRESSIVE;
				CLANG_WARN_UNREACHABLE_CODE = YES;
				CLANG_WARN__DUPLICATE_METHOD_MATCH = YES;
				CODE_SIGN_IDENTITY = "iPhone Developer";
				COPY_PHASE_STRIP = NO;
				DEBUG_INFORMATION_FORMAT = dwarf;
				ENABLE_STRICT_OBJC_MSGSEND = YES;
				ENABLE_TESTABILITY = YES;
				GCC_C_LANGUAGE_STANDARD = gnu11;
				GCC_DYNAMIC_NO_PIC = NO;
				GCC_NO_COMMON_BLOCKS = YES;
				GCC_OPTIMIZATION_LEVEL = 0;
				GCC_PREPROCESSOR_DEFINITIONS = (
					"DEBUG=1",
					"$(inherited)",
				);
				GCC_WARN_64_TO_32_BIT_CONVERSION = YES;
				GCC_WARN_ABOUT_RETURN_TYPE = YES_ERROR;
				GCC_WARN_UNDECLARED_SELECTOR = YES;
				GCC_WARN_UNINITIALIZED_AUTOS = YES_AGGRESSIVE;
				GCC_WARN_UNUSED_FUNCTION = YES;
				GCC_WARN_UNUSED_VARIABLE = YES;
				IPHONEOS_DEPLOYMENT_TARGET = 11.3;
				MTL_ENABLE_DEBUG_INFO = YES;
				ONLY_ACTIVE_ARCH = YES;
				SDKROOT = iphoneos;
				SWIFT_ACTIVE_COMPILATION_CONDITIONS = DEBUG;
				SWIFT_OPTIMIZATION_LEVEL = "-Onone";
			};
			name = Debug;
		};
		76138E9420E8788D0006A086 /* Release */ = {
			isa = XCBuildConfiguration;
			buildSettings = {
				ALWAYS_SEARCH_USER_PATHS = NO;
				CLANG_ANALYZER_NONNULL = YES;
				CLANG_ANALYZER_NUMBER_OBJECT_CONVERSION = YES_AGGRESSIVE;
				CLANG_CXX_LANGUAGE_STANDARD = "gnu++14";
				CLANG_CXX_LIBRARY = "libc++";
				CLANG_ENABLE_MODULES = YES;
				CLANG_ENABLE_OBJC_ARC = YES;
				CLANG_ENABLE_OBJC_WEAK = YES;
				CLANG_WARN_BLOCK_CAPTURE_AUTORELEASING = YES;
				CLANG_WARN_BOOL_CONVERSION = YES;
				CLANG_WARN_COMMA = YES;
				CLANG_WARN_CONSTANT_CONVERSION = YES;
				CLANG_WARN_DEPRECATED_OBJC_IMPLEMENTATIONS = YES;
				CLANG_WARN_DIRECT_OBJC_ISA_USAGE = YES_ERROR;
				CLANG_WARN_DOCUMENTATION_COMMENTS = YES;
				CLANG_WARN_EMPTY_BODY = YES;
				CLANG_WARN_ENUM_CONVERSION = YES;
				CLANG_WARN_INFINITE_RECURSION = YES;
				CLANG_WARN_INT_CONVERSION = YES;
				CLANG_WARN_NON_LITERAL_NULL_CONVERSION = YES;
				CLANG_WARN_OBJC_IMPLICIT_RETAIN_SELF = YES;
				CLANG_WARN_OBJC_LITERAL_CONVERSION = YES;
				CLANG_WARN_OBJC_ROOT_CLASS = YES_ERROR;
				CLANG_WARN_RANGE_LOOP_ANALYSIS = YES;
				CLANG_WARN_STRICT_PROTOTYPES = YES;
				CLANG_WARN_SUSPICIOUS_MOVE = YES;
				CLANG_WARN_UNGUARDED_AVAILABILITY = YES_AGGRESSIVE;
				CLANG_WARN_UNREACHABLE_CODE = YES;
				CLANG_WARN__DUPLICATE_METHOD_MATCH = YES;
				CODE_SIGN_IDENTITY = "iPhone Developer";
				COPY_PHASE_STRIP = NO;
				DEBUG_INFORMATION_FORMAT = "dwarf-with-dsym";
				ENABLE_NS_ASSERTIONS = NO;
				ENABLE_STRICT_OBJC_MSGSEND = YES;
				GCC_C_LANGUAGE_STANDARD = gnu11;
				GCC_NO_COMMON_BLOCKS = YES;
				GCC_WARN_64_TO_32_BIT_CONVERSION = YES;
				GCC_WARN_ABOUT_RETURN_TYPE = YES_ERROR;
				GCC_WARN_UNDECLARED_SELECTOR = YES;
				GCC_WARN_UNINITIALIZED_AUTOS = YES_AGGRESSIVE;
				GCC_WARN_UNUSED_FUNCTION = YES;
				GCC_WARN_UNUSED_VARIABLE = YES;
				IPHONEOS_DEPLOYMENT_TARGET = 11.3;
				MTL_ENABLE_DEBUG_INFO = NO;
				SDKROOT = iphoneos;
				SWIFT_COMPILATION_MODE = wholemodule;
				SWIFT_OPTIMIZATION_LEVEL = "-O";
				VALIDATE_PRODUCT = YES;
			};
			name = Release;
		};
		76138E9620E8788D0006A086 /* Debug */ = {
			isa = XCBuildConfiguration;
			baseConfigurationReference = E01544F1226995D380ADF276 /* Pods-iPassword.debug.xcconfig */;
			buildSettings = {
				ASSETCATALOG_COMPILER_APPICON_NAME = AppIcon;
				CLANG_ENABLE_MODULES = YES;
				CODE_SIGN_STYLE = Automatic;
				DEVELOPMENT_TEAM = VMTN98C772;
				ENABLE_BITCODE = NO;
				INFOPLIST_FILE = iPassword/Info.plist;
				IPHONEOS_DEPLOYMENT_TARGET = 9.0;
				LD_RUNPATH_SEARCH_PATHS = (
					"$(inherited)",
					"@executable_path/Frameworks",
				);
				LIBRARY_SEARCH_PATHS = (
					"$(inherited)",
					"$(PROJECT_DIR)/iPassword/Frameworks",
				);
				OTHER_LDFLAGS = (
					"-ObjC",
					"$(inherited)",
					"-framework",
					"\"ObjectMapper\"",
					"-framework",
					"\"RxCocoa\"",
					"-framework",
					"\"RxSwift\"",
					"-framework",
					"\"SDWebImage\"",
					"-framework",
					"\"SnapKit\"",
				);
				PRODUCT_BUNDLE_IDENTIFIER = com.zhangyuanke.iPassword;
				PRODUCT_NAME = "$(TARGET_NAME)";
				SWIFT_OBJC_BRIDGING_HEADER = "iPassword/iPassword-Bridging-Header.h";
				SWIFT_OPTIMIZATION_LEVEL = "-Onone";
				SWIFT_VERSION = 4.0;
				TARGETED_DEVICE_FAMILY = "1,2";
			};
			name = Debug;
		};
		76138E9720E8788D0006A086 /* Release */ = {
			isa = XCBuildConfiguration;
			baseConfigurationReference = C2AC88992134EF70FE0FE8E2 /* Pods-iPassword.release.xcconfig */;
			buildSettings = {
				ASSETCATALOG_COMPILER_APPICON_NAME = AppIcon;
				CLANG_ENABLE_MODULES = YES;
				CODE_SIGN_STYLE = Automatic;
				DEVELOPMENT_TEAM = VMTN98C772;
				ENABLE_BITCODE = NO;
				INFOPLIST_FILE = iPassword/Info.plist;
				IPHONEOS_DEPLOYMENT_TARGET = 9.0;
				LD_RUNPATH_SEARCH_PATHS = (
					"$(inherited)",
					"@executable_path/Frameworks",
				);
				LIBRARY_SEARCH_PATHS = (
					"$(inherited)",
					"$(PROJECT_DIR)/iPassword/Frameworks",
				);
				OTHER_LDFLAGS = (
					"-ObjC",
					"$(inherited)",
					"-framework",
					"\"ObjectMapper\"",
					"-framework",
					"\"RxCocoa\"",
					"-framework",
					"\"RxSwift\"",
					"-framework",
					"\"SDWebImage\"",
					"-framework",
					"\"SnapKit\"",
				);
				PRODUCT_BUNDLE_IDENTIFIER = com.zhangyuanke.iPassword;
				PRODUCT_NAME = "$(TARGET_NAME)";
				SWIFT_OBJC_BRIDGING_HEADER = "iPassword/iPassword-Bridging-Header.h";
				SWIFT_VERSION = 4.0;
				TARGETED_DEVICE_FAMILY = "1,2";
			};
			name = Release;
		};
/* End XCBuildConfiguration section */

/* Begin XCConfigurationList section */
		76138E7E20E8788C0006A086 /* Build configuration list for PBXProject "iPassword" */ = {
			isa = XCConfigurationList;
			buildConfigurations = (
				76138E9320E8788D0006A086 /* Debug */,
				76138E9420E8788D0006A086 /* Release */,
			);
			defaultConfigurationIsVisible = 0;
			defaultConfigurationName = Release;
		};
		76138E9520E8788D0006A086 /* Build configuration list for PBXNativeTarget "iPassword" */ = {
			isa = XCConfigurationList;
			buildConfigurations = (
				76138E9620E8788D0006A086 /* Debug */,
				76138E9720E8788D0006A086 /* Release */,
			);
			defaultConfigurationIsVisible = 0;
			defaultConfigurationName = Release;
		};
/* End XCConfigurationList section */
	};
	rootObject = 76138E7B20E8788C0006A086 /* Project object */;
}
